// !$*UTF8*$!
{
	archiveVersion = 1;
	classes = {
	};
	objectVersion = 46;
	objects = {

/* Begin PBXBuildFile section */
		3A4EC91A1A0041A700F8E612 /* AppDelegate.swift in Sources */ = {isa = PBXBuildFile; fileRef = 3A4EC9191A0041A700F8E612 /* AppDelegate.swift */; };
		3A4EC91C1A0041A700F8E612 /* ViewController.swift in Sources */ = {isa = PBXBuildFile; fileRef = 3A4EC91B1A0041A700F8E612 /* ViewController.swift */; };
		3A4EC91F1A0041A700F8E612 /* Main.storyboard in Resources */ = {isa = PBXBuildFile; fileRef = 3A4EC91D1A0041A700F8E612 /* Main.storyboard */; };
		3A4EC9211A0041A700F8E612 /* Images.xcassets in Resources */ = {isa = PBXBuildFile; fileRef = 3A4EC9201A0041A700F8E612 /* Images.xcassets */; };
		3A4EC9241A0041A700F8E612 /* LaunchScreen.xib in Resources */ = {isa = PBXBuildFile; fileRef = 3A4EC9221A0041A700F8E612 /* LaunchScreen.xib */; };
		3A4EC9301A0041A700F8E612 /* PostcardTests.swift in Sources */ = {isa = PBXBuildFile; fileRef = 3A4EC92F1A0041A700F8E612 /* PostcardTests.swift */; };
/* End PBXBuildFile section */

/* Begin PBXContainerItemProxy section */
		3A4EC92A1A0041A700F8E612 /* PBXContainerItemProxy */ = {
			isa = PBXContainerItemProxy;
			containerPortal = 3A4EC90C1A0041A700F8E612 /* Project object */;
			proxyType = 1;
			remoteGlobalIDString = 3A4EC9131A0041A700F8E612;
			remoteInfo = Postcard;
		};
/* End PBXContainerItemProxy section */

/* Begin PBXFileReference section */
		3A4EC9141A0041A700F8E612 /* Postcard.app */ = {isa = PBXFileReference; explicitFileType = wrapper.application; includeInIndex = 0; path = Postcard.app; sourceTree = BUILT_PRODUCTS_DIR; };
		3A4EC9181A0041A700F8E612 /* Info.plist */ = {isa = PBXFileReference; lastKnownFileType = text.plist.xml; path = Info.plist; sourceTree = "<group>"; };
		3A4EC9191A0041A700F8E612 /* AppDelegate.swift */ = {isa = PBXFileReference; lastKnownFileType = sourcecode.swift; path = AppDelegate.swift; sourceTree = "<group>"; };
		3A4EC91B1A0041A700F8E612 /* ViewController.swift */ = {isa = PBXFileReference; lastKnownFileType = sourcecode.swift; path = ViewController.swift; sourceTree = "<group>"; };
		3A4EC91E1A0041A700F8E612 /* Base */ = {isa = PBXFileReference; lastKnownFileType = file.storyboard; name = Base; path = Base.lproj/Main.storyboard; sourceTree = "<group>"; };
		3A4EC9201A0041A700F8E612 /* Images.xcassets */ = {isa = PBXFileReference; lastKnownFileType = folder.assetcatalog; path = Images.xcassets; sourceTree = "<group>"; };
		3A4EC9231A0041A700F8E612 /* Base */ = {isa = PBXFileReference; lastKnownFileType = file.xib; name = Base; path = Base.lproj/LaunchScreen.xib; sourceTree = "<group>"; };
		3A4EC9291A0041A700F8E612 /* PostcardTests.xctest */ = {isa = PBXFileReference; explicitFileType = wrapper.cfbundle; includeInIndex = 0; path = PostcardTests.xctest; sourceTree = BUILT_PRODUCTS_DIR; };
		3A4EC92E1A0041A700F8E612 /* Info.plist */ = {isa = PBXFileReference; lastKnownFileType = text.plist.xml; path = Info.plist; sourceTree = "<group>"; };
		3A4EC92F1A0041A700F8E612 /* PostcardTests.swift */ = {isa = PBXFileReference; lastKnownFileType = sourcecode.swift; path = PostcardTests.swift; sourceTree = "<group>"; };
/* End PBXFileReference section */

/* Begin PBXFrameworksBuildPhase section */
		3A4EC9111A0041A700F8E612 /* Frameworks */ = {
			isa = PBXFrameworksBuildPhase;
			buildActionMask = 2147483647;
			files = (
			);
			runOnlyForDeploymentPostprocessing = 0;
		};
		3A4EC9261A0041A700F8E612 /* Frameworks */ = {
			isa = PBXFrameworksBuildPhase;
			buildActionMask = 2147483647;
			files = (
			);
			runOnlyForDeploymentPostprocessing = 0;
		};
/* End PBXFrameworksBuildPhase section */

/* Begin PBXGroup section */
		3A4EC90B1A0041A700F8E612 = {
			isa = PBXGroup;
			children = (
				3A4EC9161A0041A700F8E612 /* Postcard */,
				3A4EC92C1A0041A700F8E612 /* PostcardTests */,
				3A4EC9151A0041A700F8E612 /* Products */,
			);
			sourceTree = "<group>";
		};
		3A4EC9151A0041A700F8E612 /* Products */ = {
			isa = PBXGroup;
			children = (
				3A4EC9141A0041A700F8E612 /* Postcard.app */,
				3A4EC9291A0041A700F8E612 /* PostcardTests.xctest */,
			);
			name = Products;
			sourceTree = "<group>";
		};
		3A4EC9161A0041A700F8E612 /* Postcard */ = {
			isa = PBXGroup;
			children = (
				3A4EC9191A0041A700F8E612 /* AppDelegate.swift */,
				3A4EC91B1A0041A700F8E612 /* ViewController.swift */,
				3A4EC91D1A0041A700F8E612 /* Main.storyboard */,
				3A4EC9201A0041A700F8E612 /* Images.xcassets */,
				3A4EC9221A0041A700F8E612 /* LaunchScreen.xib */,
				3A4EC9171A0041A700F8E612 /* Supporting Files */,
			);
			path = Postcard;
			sourceTree = "<group>";
		};
		3A4EC9171A0041A700F8E612 /* Supporting Files */ = {
			isa = PBXGroup;
			children = (
				3A4EC9181A0041A700F8E612 /* Info.plist */,
			);
			name = "Supporting Files";
			sourceTree = "<group>";
		};
		3A4EC92C1A0041A700F8E612 /* PostcardTests */ = {
			isa = PBXGroup;
			children = (
				3A4EC92F1A0041A700F8E612 /* PostcardTests.swift */,
				3A4EC92D1A0041A700F8E612 /* Supporting Files */,
			);
			path = PostcardTests;
			sourceTree = "<group>";
		};
		3A4EC92D1A0041A700F8E612 /* Supporting Files */ = {
			isa = PBXGroup;
			children = (
				3A4EC92E1A0041A700F8E612 /* Info.plist */,
			);
			name = "Supporting Files";
			sourceTree = "<group>";
		};
/* End PBXGroup section */

/* Begin PBXNativeTarget section */
		3A4EC9131A0041A700F8E612 /* Postcard */ = {
			isa = PBXNativeTarget;
			buildConfigurationList = 3A4EC9331A0041A700F8E612 /* Build configuration list for PBXNativeTarget "Postcard" */;
			buildPhases = (
				3A4EC9101A0041A700F8E612 /* Sources */,
				3A4EC9111A0041A700F8E612 /* Frameworks */,
				3A4EC9121A0041A700F8E612 /* Resources */,
			);
			buildRules = (
			);
			dependencies = (
			);
			name = Postcard;
			productName = Postcard;
			productReference = 3A4EC9141A0041A700F8E612 /* Postcard.app */;
			productType = "com.apple.product-type.application";
		};
		3A4EC9281A0041A700F8E612 /* PostcardTests */ = {
			isa = PBXNativeTarget;
			buildConfigurationList = 3A4EC9361A0041A700F8E612 /* Build configuration list for PBXNativeTarget "PostcardTests" */;
			buildPhases = (
				3A4EC9251A0041A700F8E612 /* Sources */,
				3A4EC9261A0041A700F8E612 /* Frameworks */,
				3A4EC9271A0041A700F8E612 /* Resources */,
			);
			buildRules = (
			);
			dependencies = (
				3A4EC92B1A0041A700F8E612 /* PBXTargetDependency */,
			);
			name = PostcardTests;
			productName = PostcardTests;
			productReference = 3A4EC9291A0041A700F8E612 /* PostcardTests.xctest */;
			productType = "com.apple.product-type.bundle.unit-test";
		};
/* End PBXNativeTarget section */

/* Begin PBXProject section */
		3A4EC90C1A0041A700F8E612 /* Project object */ = {
			isa = PBXProject;
			attributes = {
				LastUpgradeCheck = 0610;
				ORGANIZATIONNAME = "Josh Harms";
				TargetAttributes = {
					3A4EC9131A0041A700F8E612 = {
						CreatedOnToolsVersion = 6.1;
					};
					3A4EC9281A0041A700F8E612 = {
						CreatedOnToolsVersion = 6.1;
						TestTargetID = 3A4EC9131A0041A700F8E612;
					};
				};
			};
			buildConfigurationList = 3A4EC90F1A0041A700F8E612 /* Build configuration list for PBXProject "Postcard" */;
			compatibilityVersion = "Xcode 3.2";
			developmentRegion = English;
			hasScannedForEncodings = 0;
			knownRegions = (
				en,
				Base,
			);
			mainGroup = 3A4EC90B1A0041A700F8E612;
			productRefGroup = 3A4EC9151A0041A700F8E612 /* Products */;
			projectDirPath = "";
			projectRoot = "";
			targets = (
				3A4EC9131A0041A700F8E612 /* Postcard */,
				3A4EC9281A0041A700F8E612 /* PostcardTests */,
			);
		};
/* End PBXProject section */

/* Begin PBXResourcesBuildPhase section */
		3A4EC9121A0041A700F8E612 /* Resources */ = {
			isa = PBXResourcesBuildPhase;
			buildActionMask = 2147483647;
			files = (
				3A4EC91F1A0041A700F8E612 /* Main.storyboard in Resources */,
				3A4EC9241A0041A700F8E612 /* LaunchScreen.xib in Resources */,
				3A4EC9211A0041A700F8E612 /* Images.xcassets in Resources */,
			);
			runOnlyForDeploymentPostprocessing = 0;
		};
		3A4EC9271A0041A700F8E612 /* Resources */ = {
			isa = PBXResourcesBuildPhase;
			buildActionMask = 2147483647;
			files = (
			);
			runOnlyForDeploymentPostprocessing = 0;
		};
/* End PBXResourcesBuildPhase section */

/* Begin PBXSourcesBuildPhase section */
		3A4EC9101A0041A700F8E612 /* Sources */ = {
			isa = PBXSourcesBuildPhase;
			buildActionMask = 2147483647;
			files = (
				3A4EC91C1A0041A700F8E612 /* ViewController.swift in Sources */,
				3A4EC91A1A0041A700F8E612 /* AppDelegate.swift in Sources */,
			);
			runOnlyForDeploymentPostprocessing = 0;
		};
		3A4EC9251A0041A700F8E612 /* Sources */ = {
			isa = PBXSourcesBuildPhase;
			buildActionMask = 2147483647;
			files = (
				3A4EC9301A0041A700F8E612 /* PostcardTests.swift in Sources */,
			);
			runOnlyForDeploymentPostprocessing = 0;
		};
/* End PBXSourcesBuildPhase section */

/* Begin PBXTargetDependency section */
		3A4EC92B1A0041A700F8E612 /* PBXTargetDependency */ = {
			isa = PBXTargetDependency;
			target = 3A4EC9131A0041A700F8E612 /* Postcard */;
			targetProxy = 3A4EC92A1A0041A700F8E612 /* PBXContainerItemProxy */;
		};
/* End PBXTargetDependency section */

/* Begin PBXVariantGroup section */
		3A4EC91D1A0041A700F8E612 /* Main.storyboard */ = {
			isa = PBXVariantGroup;
			children = (
				3A4EC91E1A0041A700F8E612 /* Base */,
			);
			name = Main.storyboard;
			sourceTree = "<group>";
		};
		3A4EC9221A0041A700F8E612 /* LaunchScreen.xib */ = {
			isa = PBXVariantGroup;
			children = (
				3A4EC9231A0041A700F8E612 /* Base */,
			);
			name = LaunchScreen.xib;
			sourceTree = "<group>";
		};
/* End PBXVariantGroup section */

/* Begin XCBuildConfiguration section */
		3A4EC9311A0041A700F8E612 /* Debug */ = {
			isa = XCBuildConfiguration;
			buildSettings = {
				ALWAYS_SEARCH_USER_PATHS = NO;
				CLANG_CXX_LANGUAGE_STANDARD = "gnu++0x";
				CLANG_CXX_LIBRARY = "libc++";
				CLANG_ENABLE_MODULES = YES;
				CLANG_ENABLE_OBJC_ARC = YES;
				CLANG_WARN_BOOL_CONVERSION = YES;
				CLANG_WARN_CONSTANT_CONVERSION = YES;
				CLANG_WARN_DIRECT_OBJC_ISA_USAGE = YES_ERROR;
				CLANG_WARN_EMPTY_BODY = YES;
				CLANG_WARN_ENUM_CONVERSION = YES;
				CLANG_WARN_INT_CONVERSION = YES;
				CLANG_WARN_OBJC_ROOT_CLASS = YES_ERROR;
				CLANG_WARN_UNREACHABLE_CODE = YES;
				CLANG_WARN__DUPLICATE_METHOD_MATCH = YES;
				"CODE_SIGN_IDENTITY[sdk=iphoneos*]" = "iPhone Developer";
				COPY_PHASE_STRIP = NO;
				ENABLE_STRICT_OBJC_MSGSEND = YES;
				GCC_C_LANGUAGE_STANDARD = gnu99;
				GCC_DYNAMIC_NO_PIC = NO;
				GCC_OPTIMIZATION_LEVEL = 0;
				GCC_PREPROCESSOR_DEFINITIONS = (
					"DEBUG=1",
					"$(inherited)",
				);
				GCC_SYMBOLS_PRIVATE_EXTERN = NO;
				GCC_WARN_64_TO_32_BIT_CONVERSION = YES;
				GCC_WARN_ABOUT_RETURN_TYPE = YES_ERROR;
				GCC_WARN_UNDECLARED_SELECTOR = YES;
				GCC_WARN_UNINITIALIZED_AUTOS = YES_AGGRESSIVE;
				GCC_WARN_UNUSED_FUNCTION = YES;
				GCC_WARN_UNUSED_VARIABLE = YES;
				IPHONEOS_DEPLOYMENT_TARGET = 8.1;
				MTL_ENABLE_DEBUG_INFO = YES;
				ONLY_ACTIVE_ARCH = YES;
				SDKROOT = iphoneos;
				SWIFT_OPTIMIZATION_LEVEL = "-Onone";
				TARGETED_DEVICE_FAMILY = "1,2";
			};
			name = Debug;
		};
		3A4EC9321A0041A700F8E612 /* Release */ = {
			isa = XCBuildConfiguration;
			buildSettings = {
				ALWAYS_SEARCH_USER_PATHS = NO;
				CLANG_CXX_LANGUAGE_STANDARD = "gnu++0x";
				CLANG_CXX_LIBRARY = "libc++";
				CLANG_ENABLE_MODULES = YES;
				CLANG_ENABLE_OBJC_ARC = YES;
				CLANG_WARN_BOOL_CONVERSION = YES;
				CLANG_WARN_CONSTANT_CONVERSION = YES;
				CLANG_WARN_DIRECT_OBJC_ISA_USAGE = YES_ERROR;
				CLANG_WARN_EMPTY_BODY = YES;
				CLANG_WARN_ENUM_CONVERSION = YES;
				CLANG_WARN_INT_CONVERSION = YES;
				CLANG_WARN_OBJC_ROOT_CLASS = YES_ERROR;
				CLANG_WARN_UNREACHABLE_CODE = YES;
				CLANG_WARN__DUPLICATE_METHOD_MATCH = YES;
				"CODE_SIGN_IDENTITY[sdk=iphoneos*]" = "iPhone Developer";
				COPY_PHASE_STRIP = YES;
				ENABLE_NS_ASSERTIONS = NO;
				ENABLE_STRICT_OBJC_MSGSEND = YES;
				GCC_C_LANGUAGE_STANDARD = gnu99;
				GCC_WARN_64_TO_32_BIT_CONVERSION = YES;
				GCC_WARN_ABOUT_RETURN_TYPE = YES_ERROR;
				GCC_WARN_UNDECLARED_SELECTOR = YES;
				GCC_WARN_UNINITIALIZED_AUTOS = YES_AGGRESSIVE;
				GCC_WARN_UNUSED_FUNCTION = YES;
				GCC_WARN_UNUSED_VARIABLE = YES;
				IPHONEOS_DEPLOYMENT_TARGET = 8.1;
				MTL_ENABLE_DEBUG_INFO = NO;
				SDKROOT = iphoneos;
				TARGETED_DEVICE_FAMILY = "1,2";
				VALIDATE_PRODUCT = YES;
			};
			name = Release;
		};
		3A4EC9341A0041A700F8E612 /* Debug */ = {
			isa = XCBuildConfiguration;
			buildSettings = {
				ASSETCATALOG_COMPILER_APPICON_NAME = AppIcon;
				INFOPLIST_FILE = Postcard/Info.plist;
				LD_RUNPATH_SEARCH_PATHS = "$(inherited) @executable_path/Frameworks";
				PRODUCT_NAME = "$(TARGET_NAME)";
			};
			name = Debug;
		};
		3A4EC9351A0041A700F8E612 /* Release */ = {
			isa = XCBuildConfiguration;
			buildSettings = {
				ASSETCATALOG_COMPILER_APPICON_NAME = AppIcon;
				INFOPLIST_FILE = Postcard/Info.plist;
				LD_RUNPATH_SEARCH_PATHS = "$(inherited) @executable_path/Frameworks";
				PRODUCT_NAME = "$(TARGET_NAME)";
			};
			name = Release;
		};
		3A4EC9371A0041A700F8E612 /* Debug */ = {
			isa = XCBuildConfiguration;
			buildSettings = {
				BUNDLE_LOADER = "$(TEST_HOST)";
				FRAMEWORK_SEARCH_PATHS = (
					"$(SDKROOT)/Developer/Library/Frameworks",
					"$(inherited)",
				);
				GCC_PREPROCESSOR_DEFINITIONS = (
					"DEBUG=1",
					"$(inherited)",
				);
				INFOPLIST_FILE = PostcardTests/Info.plist;
				LD_RUNPATH_SEARCH_PATHS = "$(inherited) @executable_path/Frameworks @loader_path/Frameworks";
				PRODUCT_NAME = "$(TARGET_NAME)";
				TEST_HOST = "$(BUILT_PRODUCTS_DIR)/Postcard.app/Postcard";
			};
			name = Debug;
		};
		3A4EC9381A0041A700F8E612 /* Release */ = {
			isa = XCBuildConfiguration;
			buildSettings = {
				BUNDLE_LOADER = "$(TEST_HOST)";
				FRAMEWORK_SEARCH_PATHS = (
					"$(SDKROOT)/Developer/Library/Frameworks",
					"$(inherited)",
				);
				INFOPLIST_FILE = PostcardTests/Info.plist;
				LD_RUNPATH_SEARCH_PATHS = "$(inherited) @executable_path/Frameworks @loader_path/Frameworks";
				PRODUCT_NAME = "$(TARGET_NAME)";
				TEST_HOST = "$(BUILT_PRODUCTS_DIR)/Postcard.app/Postcard";
			};
			name = Release;
		};
/* End XCBuildConfiguration section */

/* Begin XCConfigurationList section */
		3A4EC90F1A0041A700F8E612 /* Build configuration list for PBXProject "Postcard" */ = {
			isa = XCConfigurationList;
			buildConfigurations = (
				3A4EC9311A0041A700F8E612 /* Debug */,
				3A4EC9321A0041A700F8E612 /* Release */,
			);
			defaultConfigurationIsVisible = 0;
			defaultConfigurationName = Release;
		};
		3A4EC9331A0041A700F8E612 /* Build configuration list for PBXNativeTarget "Postcard" */ = {
			isa = XCConfigurationList;
			buildConfigurations = (
				3A4EC9341A0041A700F8E612 /* Debug */,
				3A4EC9351A0041A700F8E612 /* Release */,
			);
			defaultConfigurationIsVisible = 0;
		};
		3A4EC9361A0041A700F8E612 /* Build configuration list for PBXNativeTarget "PostcardTests" */ = {
			isa = XCConfigurationList;
			buildConfigurations = (
				3A4EC9371A0041A700F8E612 /* Debug */,
				3A4EC9381A0041A700F8E612 /* Release */,
			);
			defaultConfigurationIsVisible = 0;
		};
/* End XCConfigurationList section */
	};
	rootObject = 3A4EC90C1A0041A700F8E612 /* Project object */;
}
